
Microsoft Visual Studio Solution File, Format Version 12.00
# Visual Studio Version 16
VisualStudioVersion = 16.0.29613.14
MinimumVisualStudioVersion = 10.0.40219.1
Project("{FAE04EC0-301F-11D3-BF4B-00C04F79EFBC}") = "Clock", "Clock\Clock.csproj", "{78FA1D7B-D9D7-42C5-B3BC-5C5DCD506FF6}"
EndProject
Global
	GlobalSection(SolutionConfigurationPlatforms) = preSolution
		Debug|Any CPU = Debug|Any CPU
		Release|Any CPU = Release|Any CPU
	EndGlobalSection
	GlobalSection(ProjectConfigurationPlatforms) = postSolution
		{78FA1D7B-D9D7-42C5-B3BC-5C5DCD506FF6}.Debug|Any CPU.ActiveCfg = Debug|Any CPU
		{78FA1D7B-D9D7-42C5-B3BC-5C5DCD506FF6}.Debug|Any CPU.Build.0 = Debug|Any CPU
		{78FA1D7B-D9D7-42C5-B3BC-5C5DCD506FF6}.Release|Any CPU.ActiveCfg = Release|Any CPU
		{78FA1D7B-D9D7-42C5-B3BC-5C5DCD506FF6}.Release|Any CPU.Build.0 = Release|Any CPU
	EndGlobalSection
	GlobalSection(SolutionProperties) = preSolution
		HideSolutionNode = FALSE
	EndGlobalSection
	GlobalSection(ExtensibilityGlobals) = postSolution
		SolutionGuid = {C152C127-9B2C-490C-8726-70A05DB7FEA7}
	EndGlobalSection
EndGlobal
